{
  "name": "app-Items",
  "version": "0.0.1",
  "lockfileVersion": 1,
  "requires": true,
  "dependencies": {
    "@aws-cdk/assets": {
      "version": "1.32.0",
      "resolved": "https://registry.npmjs.org/@aws-cdk/assets/-/assets-1.32.0.tgz",
      "integrity": "sha512-ooINlKG9PvmsiKNWX1JLAxFQG2AnGfaQp7WYW73gLhG2XYcQd42aV6TN4adsxHAqgsPXbxdsrnDx6f4IqoIyfQ==",
      "dev": true,
      "requires": {
        "@aws-cdk/core": "1.32.0",
        "@aws-cdk/cx-api": "1.32.0",
        "constructs": "^2.0.0",
        "minimatch": "^3.0.4"
      },
      "dependencies": {
        "balanced-match": {
          "version": "1.0.0",
          "bundled": true,
          "dev": true
        },
        "brace-expansion": {
          "version": "1.1.11",
          "bundled": true,
          "dev": true,
          "requires": {
            "balanced-match": "^1.0.0",
            "concat-map": "0.0.1"
          }
        },
        "concat-map": {
          "version": "0.0.1",
          "bundled": true,
          "dev": true
        },
        "minimatch": {
          "version": "3.0.4",
          "bundled": true,
          "dev": true,
          "requires": {
            "brace-expansion": "^1.1.7"
          }
        }
      }
    },
    "@aws-cdk/aws-apigateway": {
      "version": "1.32.0",
      "resolved": "https://registry.npmjs.org/@aws-cdk/aws-apigateway/-/aws-apigateway-1.32.0.tgz",
      "integrity": "sha512-qoUq64MIwFBHWTJ4o0VjIKoQ0hJDGI7HrBVj1WNWm61/t45kT+/SBIZLsG6X/qESgAqZAEukdBOpqtG83ft1Uw==",
      "dev": true,
      "requires": {
        "@aws-cdk/aws-certificatemanager": "1.32.0",
        "@aws-cdk/aws-ec2": "1.32.0",
        "@aws-cdk/aws-elasticloadbalancingv2": "1.32.0",
        "@aws-cdk/aws-iam": "1.32.0",
        "@aws-cdk/aws-lambda": "1.32.0",
        "@aws-cdk/aws-logs": "1.32.0",
        "@aws-cdk/core": "1.32.0",
        "constructs": "^2.0.0"
      }
    },
    "@aws-cdk/aws-applicationautoscaling": {
      "version": "1.32.0",
      "resolved": "https://registry.npmjs.org/@aws-cdk/aws-applicationautoscaling/-/aws-applicationautoscaling-1.32.0.tgz",
      "integrity": "sha512-KsOC+XxfjXzVYTYV1ZAby2U3vKvlSXp22mheHGRezR3yDfgqlRbjXHSpUxjELPlbfWxJUMG7Erlm0jSyFbIqjQ==",
      "dev": true,
      "requires": {
        "@aws-cdk/aws-autoscaling-common": "1.32.0",
        "@aws-cdk/aws-cloudwatch": "1.32.0",
        "@aws-cdk/aws-iam": "1.32.0",
        "@aws-cdk/core": "1.32.0",
        "constructs": "^2.0.0"
      }
    },
    "@aws-cdk/aws-autoscaling": {
      "version": "1.32.0",
      "resolved": "https://registry.npmjs.org/@aws-cdk/aws-autoscaling/-/aws-autoscaling-1.32.0.tgz",
      "integrity": "sha512-cRIWxwB8vOd2xxtNOZdFoTKdDSWUF2mW09xgEIrDmbhsfOUniZQWdj9PsLWbYFkNMCbpH+1QLCYQGzSg0A4uWQ==",
      "dev": true,
      "requires": {
        "@aws-cdk/aws-autoscaling-common": "1.32.0",
        "@aws-cdk/aws-cloudwatch": "1.32.0",
        "@aws-cdk/aws-ec2": "1.32.0",
        "@aws-cdk/aws-elasticloadbalancing": "1.32.0",
        "@aws-cdk/aws-elasticloadbalancingv2": "1.32.0",
        "@aws-cdk/aws-iam": "1.32.0",
        "@aws-cdk/aws-sns": "1.32.0",
        "@aws-cdk/core": "1.32.0",
        "constructs": "^2.0.0"
      }
    },
    "@aws-cdk/aws-autoscaling-common": {
      "version": "1.32.0",
      "resolved": "https://registry.npmjs.org/@aws-cdk/aws-autoscaling-common/-/aws-autoscaling-common-1.32.0.tgz",
      "integrity": "sha512-tHwhHK9Baua9qX0s4/Hbltj/kptycOwN7gynw2MnoCJpDM4Of4kU9ljs8u4fpKLe5lrYWHg7gfVpsnyTa/b3uw==",
      "dev": true,
      "requires": {
        "@aws-cdk/aws-iam": "1.32.0",
        "@aws-cdk/core": "1.32.0",
        "constructs": "^2.0.0"
      }
    },
    "@aws-cdk/aws-autoscaling-hooktargets": {
      "version": "1.32.0",
      "resolved": "https://registry.npmjs.org/@aws-cdk/aws-autoscaling-hooktargets/-/aws-autoscaling-hooktargets-1.32.0.tgz",
      "integrity": "sha512-33K2w0PMWL2cgSuJTUVlk/woIpZjO5xUNXlq4g2q2/Fp7iv5EOnM8T3MbQe3QLom3HYnDUKH3iUIOXxtCd7oRQ==",
      "dev": true,
      "requires": {
        "@aws-cdk/aws-autoscaling": "1.32.0",
        "@aws-cdk/aws-iam": "1.32.0",
        "@aws-cdk/aws-lambda": "1.32.0",
        "@aws-cdk/aws-sns": "1.32.0",
        "@aws-cdk/aws-sns-subscriptions": "1.32.0",
        "@aws-cdk/aws-sqs": "1.32.0",
        "@aws-cdk/core": "1.32.0",
        "constructs": "^2.0.0"
      }
    },
    "@aws-cdk/aws-batch": {
      "version": "1.32.0",
      "resolved": "https://registry.npmjs.org/@aws-cdk/aws-batch/-/aws-batch-1.32.0.tgz",
      "integrity": "sha512-tMaw/DcTQ+ZJBdAF9UqvzdSuakcWHHDe9yPdmoxQzpae8LpgW3ztHPSA/qNZT4lfNCIe8kFeecblTr/8DN5ZNQ==",
      "dev": true,
      "requires": {
        "@aws-cdk/aws-ec2": "1.32.0",
        "@aws-cdk/aws-ecr": "1.32.0",
        "@aws-cdk/aws-ecs": "1.32.0",
        "@aws-cdk/aws-iam": "1.32.0",
        "@aws-cdk/core": "1.32.0",
        "constructs": "^2.0.0"
      }
    },
    "@aws-cdk/aws-certificatemanager": {
      "version": "1.32.0",
      "resolved": "https://registry.npmjs.org/@aws-cdk/aws-certificatemanager/-/aws-certificatemanager-1.32.0.tgz",
      "integrity": "sha512-wLn2yeiEtwVhZIXL/OKoFseZeDVMJ1GeG+tkWYyvhljTvQgl3+xdCJUclYDhizFIC/VziZpM2CoSk1xrBsWVGA==",
      "dev": true,
      "requires": {
        "@aws-cdk/aws-cloudformation": "1.32.0",
        "@aws-cdk/aws-iam": "1.32.0",
        "@aws-cdk/aws-lambda": "1.32.0",
        "@aws-cdk/aws-route53": "1.32.0",
        "@aws-cdk/core": "1.32.0",
        "constructs": "^2.0.0"
      }
    },
    "@aws-cdk/aws-cloudformation": {
      "version": "1.32.0",
      "resolved": "https://registry.npmjs.org/@aws-cdk/aws-cloudformation/-/aws-cloudformation-1.32.0.tgz",
      "integrity": "sha512-NuJ7IckX0/4WvyxmLdviLWlS/jiBOXDj8RxKW/wuUOYHc+ARAekspWkYZYeXPhrqNPzwSWa/xONI3dHZORfI2A==",
      "dev": true,
      "requires": {
        "@aws-cdk/aws-iam": "1.32.0",
        "@aws-cdk/aws-lambda": "1.32.0",
        "@aws-cdk/aws-s3": "1.32.0",
        "@aws-cdk/aws-sns": "1.32.0",
        "@aws-cdk/core": "1.32.0",
        "@aws-cdk/cx-api": "1.32.0",
        "constructs": "^2.0.0"
      }
    },
    "@aws-cdk/aws-cloudfront": {
      "version": "1.32.0",
      "resolved": "https://registry.npmjs.org/@aws-cdk/aws-cloudfront/-/aws-cloudfront-1.32.0.tgz",
      "integrity": "sha512-xt7CNtZz5ekDmAb8/U2C38KxtU/oE09ci/WjQlWqo9AUuz/s2SZUZvuT2xuA4KHOEwmzEk7eEwc8yU0pCY00RA==",
      "dev": true,
      "requires": {
        "@aws-cdk/aws-certificatemanager": "1.32.0",
        "@aws-cdk/aws-iam": "1.32.0",
        "@aws-cdk/aws-kms": "1.32.0",
        "@aws-cdk/aws-lambda": "1.32.0",
        "@aws-cdk/aws-s3": "1.32.0",
        "@aws-cdk/core": "1.32.0",
        "constructs": "^2.0.0"
      }
    },
    "@aws-cdk/aws-cloudwatch": {
      "version": "1.32.0",
      "resolved": "https://registry.npmjs.org/@aws-cdk/aws-cloudwatch/-/aws-cloudwatch-1.32.0.tgz",
      "integrity": "sha512-JGxES/zE84BM61xvgjERWB7kwk6pLSM02TA8RfDMWpvzujbncHwzoEXVkQPlFyDqaR/2/i4mdJx10jGVnhvvmw==",
      "dev": true,
      "requires": {
        "@aws-cdk/aws-iam": "1.32.0",
        "@aws-cdk/core": "1.32.0",
        "constructs": "^2.0.0"
      }
    },
    "@aws-cdk/aws-dynamodb": {
      "version": "1.32.0",
      "resolved": "https://registry.npmjs.org/@aws-cdk/aws-dynamodb/-/aws-dynamodb-1.32.0.tgz",
      "integrity": "sha512-vsfykJLNIXLojlPaFeAOjYla7PvtsKx1yfjlvu72X9SczwCsiLnSFsftKxV7s05Plj33HamQPIM2kbhoYznczw==",
      "dev": true,
      "requires": {
        "@aws-cdk/aws-applicationautoscaling": "1.32.0",
        "@aws-cdk/aws-cloudformation": "1.32.0",
        "@aws-cdk/aws-cloudwatch": "1.32.0",
        "@aws-cdk/aws-iam": "1.32.0",
        "@aws-cdk/aws-lambda": "1.32.0",
        "@aws-cdk/core": "1.32.0",
        "@aws-cdk/custom-resources": "1.32.0",
        "constructs": "^2.0.0"
      }
    },
    "@aws-cdk/aws-ec2": {
      "version": "1.32.0",
      "resolved": "https://registry.npmjs.org/@aws-cdk/aws-ec2/-/aws-ec2-1.32.0.tgz",
      "integrity": "sha512-AhiEqPYFukqT376PiNak7nUrBwyzdGPIdSmjeDQQbtQHvp2HInFK+3j0/kZxhKJvGW9KWMktxNjU3ntiVNU+CA==",
      "dev": true,
      "requires": {
        "@aws-cdk/aws-cloudwatch": "1.32.0",
        "@aws-cdk/aws-iam": "1.32.0",
        "@aws-cdk/aws-logs": "1.32.0",
        "@aws-cdk/aws-s3": "1.32.0",
        "@aws-cdk/aws-ssm": "1.32.0",
        "@aws-cdk/core": "1.32.0",
        "@aws-cdk/cx-api": "1.32.0",
        "constructs": "^2.0.0"
      }
    },
    "@aws-cdk/aws-ecr": {
      "version": "1.32.0",
      "resolved": "https://registry.npmjs.org/@aws-cdk/aws-ecr/-/aws-ecr-1.32.0.tgz",
      "integrity": "sha512-wKRLtjaej/IqkDLy8d3hTatjcBwMsIcpUFV8IVy8/JHehaLpVZLVw2lQ3nvuPsF/nXJZr+NEOh7BIpXLhLQgGw==",
      "dev": true,
      "requires": {
        "@aws-cdk/aws-events": "1.32.0",
        "@aws-cdk/aws-iam": "1.32.0",
        "@aws-cdk/core": "1.32.0",
        "constructs": "^2.0.0"
      }
    },
    "@aws-cdk/aws-ecr-assets": {
      "version": "1.32.0",
      "resolved": "https://registry.npmjs.org/@aws-cdk/aws-ecr-assets/-/aws-ecr-assets-1.32.0.tgz",
      "integrity": "sha512-ca7adPx0VA2WOOKttkHR5zj7aKD/uWuWBG5nfonpe1LZBIftWZ+yuGyQrlYy2LtbXMGc5zTkuMTCpzVRJgrMsQ==",
      "dev": true,
      "requires": {
        "@aws-cdk/assets": "1.32.0",
        "@aws-cdk/aws-cloudformation": "1.32.0",
        "@aws-cdk/aws-ecr": "1.32.0",
        "@aws-cdk/aws-iam": "1.32.0",
        "@aws-cdk/aws-lambda": "1.32.0",
        "@aws-cdk/aws-s3": "1.32.0",
        "@aws-cdk/core": "1.32.0",
        "@aws-cdk/cx-api": "1.32.0",
        "constructs": "^2.0.0",
        "minimatch": "^3.0.4"
      },
      "dependencies": {
        "balanced-match": {
          "version": "1.0.0",
          "bundled": true,
          "dev": true
        },
        "brace-expansion": {
          "version": "1.1.11",
          "bundled": true,
          "dev": true,
          "requires": {
            "balanced-match": "^1.0.0",
            "concat-map": "0.0.1"
          }
        },
        "concat-map": {
          "version": "0.0.1",
          "bundled": true,
          "dev": true
        },
        "minimatch": {
          "version": "3.0.4",
          "bundled": true,
          "dev": true,
          "requires": {
            "brace-expansion": "^1.1.7"
          }
        }
      }
    },
    "@aws-cdk/aws-ecs": {
      "version": "1.32.0",
      "resolved": "https://registry.npmjs.org/@aws-cdk/aws-ecs/-/aws-ecs-1.32.0.tgz",
      "integrity": "sha512-YgE7rr5png/brKE3H1yOjN/QQYlFYuRfNvcwS9Lfa/+1BOYsYL1zvfN5mNxRd2ixp03ou+l8UEvmwAy74wkyPA==",
      "dev": true,
      "requires": {
        "@aws-cdk/aws-applicationautoscaling": "1.32.0",
        "@aws-cdk/aws-autoscaling": "1.32.0",
        "@aws-cdk/aws-autoscaling-hooktargets": "1.32.0",
        "@aws-cdk/aws-certificatemanager": "1.32.0",
        "@aws-cdk/aws-cloudformation": "1.32.0",
        "@aws-cdk/aws-cloudwatch": "1.32.0",
        "@aws-cdk/aws-ec2": "1.32.0",
        "@aws-cdk/aws-ecr": "1.32.0",
        "@aws-cdk/aws-ecr-assets": "1.32.0",
        "@aws-cdk/aws-elasticloadbalancing": "1.32.0",
        "@aws-cdk/aws-elasticloadbalancingv2": "1.32.0",
        "@aws-cdk/aws-iam": "1.32.0",
        "@aws-cdk/aws-lambda": "1.32.0",
        "@aws-cdk/aws-logs": "1.32.0",
        "@aws-cdk/aws-route53": "1.32.0",
        "@aws-cdk/aws-route53-targets": "1.32.0",
        "@aws-cdk/aws-secretsmanager": "1.32.0",
        "@aws-cdk/aws-servicediscovery": "1.32.0",
        "@aws-cdk/aws-sns": "1.32.0",
        "@aws-cdk/aws-sqs": "1.32.0",
        "@aws-cdk/aws-ssm": "1.32.0",
        "@aws-cdk/core": "1.32.0",
        "@aws-cdk/cx-api": "1.32.0",
        "constructs": "^2.0.0"
      }
    },
    "@aws-cdk/aws-elasticloadbalancing": {
      "version": "1.32.0",
      "resolved": "https://registry.npmjs.org/@aws-cdk/aws-elasticloadbalancing/-/aws-elasticloadbalancing-1.32.0.tgz",
      "integrity": "sha512-Uy2deSlgZZ6t9Dy9SyjMF6sc7odPkbdP/Kfhoy590DEhb8kuqlw2DW+kOlETny+eYEHzilncIckVuCfkYzsm/Q==",
      "dev": true,
      "requires": {
        "@aws-cdk/aws-ec2": "1.32.0",
        "@aws-cdk/core": "1.32.0",
        "constructs": "^2.0.0"
      }
    },
    "@aws-cdk/aws-elasticloadbalancingv2": {
      "version": "1.32.0",
      "resolved": "https://registry.npmjs.org/@aws-cdk/aws-elasticloadbalancingv2/-/aws-elasticloadbalancingv2-1.32.0.tgz",
      "integrity": "sha512-uvCV2Y93/woAetBx/Y1DLvESgx/HpO+2F8Cu5cNUNwAc5yTiPj8hM6MDU/xYTzG7wWqVC6sgGoyZbfzaNzfArA==",
      "dev": true,
      "requires": {
        "@aws-cdk/aws-certificatemanager": "1.32.0",
        "@aws-cdk/aws-cloudwatch": "1.32.0",
        "@aws-cdk/aws-ec2": "1.32.0",
        "@aws-cdk/aws-iam": "1.32.0",
        "@aws-cdk/aws-lambda": "1.32.0",
        "@aws-cdk/aws-s3": "1.32.0",
        "@aws-cdk/core": "1.32.0",
        "constructs": "^2.0.0"
      }
    },
    "@aws-cdk/aws-events": {
      "version": "1.32.0",
      "resolved": "https://registry.npmjs.org/@aws-cdk/aws-events/-/aws-events-1.32.0.tgz",
      "integrity": "sha512-mhtjRZIipvalJ68jts1YFm2qXWYNeKC5/eumGlxxM7Mi4V4BHCqE946ZVIUXsIbWxAQgJs3EB9XUEgTH3hvmUA==",
      "dev": true,
      "requires": {
        "@aws-cdk/aws-iam": "1.32.0",
        "@aws-cdk/core": "1.32.0",
        "constructs": "^2.0.0"
      }
    },
    "@aws-cdk/aws-glue": {
      "version": "1.32.0",
      "resolved": "https://registry.npmjs.org/@aws-cdk/aws-glue/-/aws-glue-1.32.0.tgz",
      "integrity": "sha512-wNH2zTgOUKsClQjpMdu2fbf2ZWP3gRd98w7BYZm4kmWv3YFfajA4Qqui6vQ2Uef3/sigDG0l97Gzd+MERuvSsA==",
      "dev": true,
      "requires": {
        "@aws-cdk/aws-iam": "1.32.0",
        "@aws-cdk/aws-kms": "1.32.0",
        "@aws-cdk/aws-s3": "1.32.0",
        "@aws-cdk/core": "1.32.0",
        "constructs": "^2.0.0"
      }
    },
    "@aws-cdk/aws-iam": {
      "version": "1.32.0",
      "resolved": "https://registry.npmjs.org/@aws-cdk/aws-iam/-/aws-iam-1.32.0.tgz",
      "integrity": "sha512-IdcA29eZsAv6qZ/D3JDwXTfuF9gdaMTwEWnzy9Ra2aJlbEMVC91DgEm7kv2C6ir+nli0NwTU816tM6wO2mvRpg==",
      "dev": true,
      "requires": {
        "@aws-cdk/core": "1.32.0",
        "@aws-cdk/region-info": "1.32.0",
        "constructs": "^2.0.0"
      }
    },
    "@aws-cdk/aws-kms": {
      "version": "1.32.0",
      "resolved": "https://registry.npmjs.org/@aws-cdk/aws-kms/-/aws-kms-1.32.0.tgz",
      "integrity": "sha512-OUxl55jr9oaQIIYndt4s5TygHtjHMFS5izuhptVe3Z52NecBNaptU+BM1gIFNRbx8RcVIv0LJHWGek1jdSOVig==",
      "dev": true,
      "requires": {
        "@aws-cdk/aws-iam": "1.32.0",
        "@aws-cdk/core": "1.32.0",
        "constructs": "^2.0.0"
      }
    },
    "@aws-cdk/aws-lambda": {
      "version": "1.32.0",
      "resolved": "https://registry.npmjs.org/@aws-cdk/aws-lambda/-/aws-lambda-1.32.0.tgz",
      "integrity": "sha512-4M6hJVO+IhullQIcgwzvJ74TSz66KTdAbmW8+jV39xmLA7NQDN2aEzMdcG7lJnjcAYusUFF8P3GcYFy35rGg5g==",
      "dev": true,
      "requires": {
        "@aws-cdk/aws-cloudwatch": "1.32.0",
        "@aws-cdk/aws-ec2": "1.32.0",
        "@aws-cdk/aws-events": "1.32.0",
        "@aws-cdk/aws-iam": "1.32.0",
        "@aws-cdk/aws-logs": "1.32.0",
        "@aws-cdk/aws-s3": "1.32.0",
        "@aws-cdk/aws-s3-assets": "1.32.0",
        "@aws-cdk/aws-sqs": "1.32.0",
        "@aws-cdk/core": "1.32.0",
        "@aws-cdk/cx-api": "1.32.0",
        "constructs": "^2.0.0"
      }
    },
    "@aws-cdk/aws-logs": {
      "version": "1.32.0",
      "resolved": "https://registry.npmjs.org/@aws-cdk/aws-logs/-/aws-logs-1.32.0.tgz",
      "integrity": "sha512-PLMuCUSuNJea7eCjVQ2KDFDBhjDVk9R/iD10dzRC7Xv1uIf9NWHglQzHd7UOkOJotFd9SM8//pGG+zG8vaVNdA==",
      "dev": true,
      "requires": {
        "@aws-cdk/aws-cloudwatch": "1.32.0",
        "@aws-cdk/aws-iam": "1.32.0",
        "@aws-cdk/core": "1.32.0",
        "constructs": "^2.0.0"
      }
    },
    "@aws-cdk/aws-route53": {
      "version": "1.32.0",
      "resolved": "https://registry.npmjs.org/@aws-cdk/aws-route53/-/aws-route53-1.32.0.tgz",
      "integrity": "sha512-uNJWw70SC+NJnNwWYGswH4e6rD9q0m5R4TRxM3j9r2Y1l3hyh9ywD8kd21UQ0s72Clll7xG9nbi3p+z5Q/OwPA==",
      "dev": true,
      "requires": {
        "@aws-cdk/aws-ec2": "1.32.0",
        "@aws-cdk/aws-logs": "1.32.0",
        "@aws-cdk/core": "1.32.0",
        "@aws-cdk/cx-api": "1.32.0",
        "constructs": "^2.0.0"
      }
    },
    "@aws-cdk/aws-route53-targets": {
      "version": "1.32.0",
      "resolved": "https://registry.npmjs.org/@aws-cdk/aws-route53-targets/-/aws-route53-targets-1.32.0.tgz",
      "integrity": "sha512-Yc1FoLTqPQo4sV4M/nOxQFOQinhRsffuRvPnF+nZug8YT/dgZlabhj+2x0Afui/XRUyPlOElM9GLx+QRKXXNew==",
      "dev": true,
      "requires": {
        "@aws-cdk/aws-apigateway": "1.32.0",
        "@aws-cdk/aws-cloudfront": "1.32.0",
        "@aws-cdk/aws-ec2": "1.32.0",
        "@aws-cdk/aws-elasticloadbalancing": "1.32.0",
        "@aws-cdk/aws-elasticloadbalancingv2": "1.32.0",
        "@aws-cdk/aws-iam": "1.32.0",
        "@aws-cdk/aws-route53": "1.32.0",
        "@aws-cdk/aws-s3": "1.32.0",
        "@aws-cdk/core": "1.32.0",
        "@aws-cdk/region-info": "1.32.0",
        "constructs": "^2.0.0"
      }
    },
    "@aws-cdk/aws-s3": {
      "version": "1.32.0",
      "resolved": "https://registry.npmjs.org/@aws-cdk/aws-s3/-/aws-s3-1.32.0.tgz",
      "integrity": "sha512-QQ5/5BL4k7/A/iohfmqb4e2pgcZCEfyjp+JE3L4Nh4e1GHoKGoE3oPUDePKNxQVjaaC81xIlQrELDAsZ39sjrQ==",
      "dev": true,
      "requires": {
        "@aws-cdk/aws-events": "1.32.0",
        "@aws-cdk/aws-iam": "1.32.0",
        "@aws-cdk/aws-kms": "1.32.0",
        "@aws-cdk/core": "1.32.0",
        "constructs": "^2.0.0"
      }
    },
    "@aws-cdk/aws-s3-assets": {
      "version": "1.32.0",
      "resolved": "https://registry.npmjs.org/@aws-cdk/aws-s3-assets/-/aws-s3-assets-1.32.0.tgz",
      "integrity": "sha512-EYGlbJp8qzMw44vFUxb4rtF6XVfcZkSrKuKwM97d8Ixr/bCyooS7naYkBEzA0iDOy+fdEtnLjYSiOYuxp+7qIw==",
      "dev": true,
      "requires": {
        "@aws-cdk/assets": "1.32.0",
        "@aws-cdk/aws-iam": "1.32.0",
        "@aws-cdk/aws-s3": "1.32.0",
        "@aws-cdk/core": "1.32.0",
        "@aws-cdk/cx-api": "1.32.0",
        "constructs": "^2.0.0"
      }
    },
    "@aws-cdk/aws-sam": {
      "version": "1.32.0",
      "resolved": "https://registry.npmjs.org/@aws-cdk/aws-sam/-/aws-sam-1.32.0.tgz",
      "integrity": "sha512-B3Z7C4XXYPLJWbomLhPVg2PKz4t5mF6qhvXIBZ2S8LZ8E7rlaBUJgVa2XhphOSK5DkBqSwOmzG/dZRwKtU2iOw==",
      "dev": true,
      "requires": {
        "@aws-cdk/core": "1.32.0",
        "constructs": "^2.0.0"
      }
    },
    "@aws-cdk/aws-secretsmanager": {
      "version": "1.32.0",
      "resolved": "https://registry.npmjs.org/@aws-cdk/aws-secretsmanager/-/aws-secretsmanager-1.32.0.tgz",
      "integrity": "sha512-PEC0wmShkmtM5U+17J9iROQBX0uNxWHLNtLG1ZtCXgkPOBUz5hdCswDeKpUStbld7FKmKvGmaFWksCdMtJLHRA==",
      "dev": true,
      "requires": {
        "@aws-cdk/aws-ec2": "1.32.0",
        "@aws-cdk/aws-iam": "1.32.0",
        "@aws-cdk/aws-kms": "1.32.0",
        "@aws-cdk/aws-lambda": "1.32.0",
        "@aws-cdk/aws-sam": "1.32.0",
        "@aws-cdk/core": "1.32.0",
        "constructs": "^2.0.0"
      }
    },
    "@aws-cdk/aws-servicediscovery": {
      "version": "1.32.0",
      "resolved": "https://registry.npmjs.org/@aws-cdk/aws-servicediscovery/-/aws-servicediscovery-1.32.0.tgz",
      "integrity": "sha512-dPrSihHq2nIoc4qyJA2usdClqUFOyl5S6dtV00f58Z4vwUju2WC/uITQQQL32B0Yq5WLuZm8PiFXdfhhQrH8rA==",
      "dev": true,
      "requires": {
        "@aws-cdk/aws-ec2": "1.32.0",
        "@aws-cdk/aws-elasticloadbalancingv2": "1.32.0",
        "@aws-cdk/aws-route53": "1.32.0",
        "@aws-cdk/core": "1.32.0",
        "constructs": "^2.0.0"
      }
    },
    "@aws-cdk/aws-sns": {
      "version": "1.32.0",
      "resolved": "https://registry.npmjs.org/@aws-cdk/aws-sns/-/aws-sns-1.32.0.tgz",
      "integrity": "sha512-KX3IWJ9BuOwnwDPXs3cI67wbofmzpyX9QTiQCbljw/n0n2VU2+tRRCct+13z+dIVONisZHlcjqJ7fiLRZdtmXg==",
      "dev": true,
      "requires": {
        "@aws-cdk/aws-cloudwatch": "1.32.0",
        "@aws-cdk/aws-events": "1.32.0",
        "@aws-cdk/aws-iam": "1.32.0",
        "@aws-cdk/aws-kms": "1.32.0",
        "@aws-cdk/core": "1.32.0",
        "constructs": "^2.0.0"
      }
    },
    "@aws-cdk/aws-sns-subscriptions": {
      "version": "1.32.0",
      "resolved": "https://registry.npmjs.org/@aws-cdk/aws-sns-subscriptions/-/aws-sns-subscriptions-1.32.0.tgz",
      "integrity": "sha512-+XA4LnAQG1G8Az+IZB1WVzfvI2kUch15BHif2n2W6Rn6n4dR5kf/QRQ5C/0uMsoe4ds8dRh+3ANG3sUhEN090w==",
      "dev": true,
      "requires": {
        "@aws-cdk/aws-iam": "1.32.0",
        "@aws-cdk/aws-lambda": "1.32.0",
        "@aws-cdk/aws-sns": "1.32.0",
        "@aws-cdk/aws-sqs": "1.32.0",
        "@aws-cdk/core": "1.32.0",
        "constructs": "^2.0.0"
      }
    },
    "@aws-cdk/aws-sqs": {
      "version": "1.32.0",
      "resolved": "https://registry.npmjs.org/@aws-cdk/aws-sqs/-/aws-sqs-1.32.0.tgz",
      "integrity": "sha512-WUYrpLTIWRA/FihoJkifBOOYXDun1hhivg4jrX8TZQ6XpnYgmV22GtbFrFCo+wJYFI/rD9T5UtLswEHJf0FPFQ==",
      "dev": true,
      "requires": {
        "@aws-cdk/aws-cloudwatch": "1.32.0",
        "@aws-cdk/aws-iam": "1.32.0",
        "@aws-cdk/aws-kms": "1.32.0",
        "@aws-cdk/core": "1.32.0",
        "constructs": "^2.0.0"
      }
    },
    "@aws-cdk/aws-ssm": {
      "version": "1.32.0",
      "resolved": "https://registry.npmjs.org/@aws-cdk/aws-ssm/-/aws-ssm-1.32.0.tgz",
      "integrity": "sha512-GCo7mBXoMrzAzAXOkTt4/kqGe11ozgBxtGqAfV6sueNnZTQedNlIZ6SMTP8pcT85zUPBcBrXqu2EBuIGgwzrAg==",
      "dev": true,
      "requires": {
        "@aws-cdk/aws-iam": "1.32.0",
        "@aws-cdk/aws-kms": "1.32.0",
        "@aws-cdk/core": "1.32.0",
        "@aws-cdk/cx-api": "1.32.0",
        "constructs": "^2.0.0"
      }
    },
    "@aws-cdk/aws-stepfunctions": {
      "version": "1.32.0",
      "resolved": "https://registry.npmjs.org/@aws-cdk/aws-stepfunctions/-/aws-stepfunctions-1.32.0.tgz",
      "integrity": "sha512-hrVsgHCN3jPO8oMHilYBNyDl1ymXb7+OH3FZUuQ7MAghJvcbsY05Kg5LfWKamZLOodYllnRqSfw9BcjBQVdxiQ==",
      "dev": true,
      "requires": {
        "@aws-cdk/aws-cloudwatch": "1.32.0",
        "@aws-cdk/aws-events": "1.32.0",
        "@aws-cdk/aws-iam": "1.32.0",
        "@aws-cdk/aws-logs": "1.32.0",
        "@aws-cdk/core": "1.32.0",
        "constructs": "^2.0.0"
      }
    },
    "@aws-cdk/aws-stepfunctions-tasks": {
      "version": "1.32.0",
      "resolved": "https://registry.npmjs.org/@aws-cdk/aws-stepfunctions-tasks/-/aws-stepfunctions-tasks-1.32.0.tgz",
      "integrity": "sha512-uZyiHFCHrWi+0LcpBRiTQnLK6I1votBRa43SmJA+9090cEIBc+htljRHi4QzmxtIP7JL8OmbQcdtHTahUsS72Q==",
      "dev": true,
      "requires": {
        "@aws-cdk/assets": "1.32.0",
        "@aws-cdk/aws-batch": "1.32.0",
        "@aws-cdk/aws-cloudwatch": "1.32.0",
        "@aws-cdk/aws-ec2": "1.32.0",
        "@aws-cdk/aws-ecr": "1.32.0",
        "@aws-cdk/aws-ecr-assets": "1.32.0",
        "@aws-cdk/aws-ecs": "1.32.0",
        "@aws-cdk/aws-glue": "1.32.0",
        "@aws-cdk/aws-iam": "1.32.0",
        "@aws-cdk/aws-kms": "1.32.0",
        "@aws-cdk/aws-lambda": "1.32.0",
        "@aws-cdk/aws-s3": "1.32.0",
        "@aws-cdk/aws-sns": "1.32.0",
        "@aws-cdk/aws-sqs": "1.32.0",
        "@aws-cdk/aws-stepfunctions": "1.32.0",
        "@aws-cdk/core": "1.32.0",
        "constructs": "^2.0.0"
      }
    },
    "@aws-cdk/core": {
      "version": "1.32.0",
      "resolved": "https://registry.npmjs.org/@aws-cdk/core/-/core-1.32.0.tgz",
      "integrity": "sha512-kFVdTNGXPnJcxkBQbaUXYKYXN2Z36I9aLvChA/3kr992EXaDG3T607nDFA8ofnYJXhm154hyfsz7CDNEBa6Zmw==",
      "dev": true,
      "requires": {
        "@aws-cdk/cx-api": "1.32.0",
        "constructs": "^2.0.0"
      }
    },
    "@aws-cdk/custom-resources": {
      "version": "1.32.0",
      "resolved": "https://registry.npmjs.org/@aws-cdk/custom-resources/-/custom-resources-1.32.0.tgz",
      "integrity": "sha512-iSPN9vOGbkFHvWwYyQKzujKw/AuEEmVgBWlE+0m46MmMpIy4UUrqXYajQycOVNIlvxLVTyRTsgkZvRsCVOJeXA==",
      "dev": true,
      "requires": {
        "@aws-cdk/aws-cloudformation": "1.32.0",
        "@aws-cdk/aws-iam": "1.32.0",
        "@aws-cdk/aws-lambda": "1.32.0",
        "@aws-cdk/aws-logs": "1.32.0",
        "@aws-cdk/aws-sns": "1.32.0",
        "@aws-cdk/aws-stepfunctions": "1.32.0",
        "@aws-cdk/aws-stepfunctions-tasks": "1.32.0",
        "@aws-cdk/core": "1.32.0",
        "constructs": "^2.0.0"
      }
    },
    "@aws-cdk/cx-api": {
      "version": "1.32.0",
      "resolved": "https://registry.npmjs.org/@aws-cdk/cx-api/-/cx-api-1.32.0.tgz",
      "integrity": "sha512-cmqAQm+FpMpXz6Y6tQnTOVHi73uhwv00lqjeDYIl91zTmuXib8EU1ggjO00/BKrx7VOl2odczOVLLAkOIWZjHw==",
      "dev": true,
      "requires": {
        "semver": "^7.2.1"
      },
      "dependencies": {
        "semver": {
          "version": "7.2.1",
          "bundled": true,
          "dev": true
        }
      }
    },
    "@aws-cdk/region-info": {
      "version": "1.32.0",
      "resolved": "https://registry.npmjs.org/@aws-cdk/region-info/-/region-info-1.32.0.tgz",
      "integrity": "sha512-HpFMSdtkklTwoxwCjc17jjGSw+xSRws0ftEXeUvjVA/cOmgKOlqdrkZDsKePKJDWAwqGcRoq7yxlN/3SyB/GPA==",
      "dev": true
    },
    "@types/fs-extra": {
      "version": "8.1.0",
      "resolved": "https://registry.npmjs.org/@types/fs-extra/-/fs-extra-8.1.0.tgz",
      "integrity": "sha512-UoOfVEzAUpeSPmjm7h1uk5MH6KZma2z2O7a75onTGjnNvAvMVrPzPL/vBbT65iIGHWj6rokwfmYcmxmlSf2uwg==",
      "requires": {
        "@types/node": "*"
      }
    },
    "@types/node": {
      "version": "10.17.19",
      "resolved": "https://registry.npmjs.org/@types/node/-/node-10.17.19.tgz",
      "integrity": "sha512-46/xThm3zvvc9t9/7M3AaLEqtOpqlYYYcCZbpYVAQHG20+oMZBkae/VMrn4BTi6AJ8cpack0mEXhGiKmDNbLrQ=="
    },
    "aws-cdk": {
      "version": "1.174.0",
      "resolved": "https://registry.npmjs.org/aws-cdk/-/aws-cdk-1.174.0.tgz",
      "integrity": "sha512-cAnJ1vx8p0sFoHR5IP4YKd4l3lN7s9Y7+umwb4eNgWr+XSgUbuYiJgS/FD57hIbHN1uoBih3QAE0RA62LVJSFw==",
      "dev": true,
      "requires": {
        "fsevents": "2.3.2"
      }
    },
    "constructs": {
      "version": "2.0.1",
      "resolved": "https://registry.npmjs.org/constructs/-/constructs-2.0.1.tgz",
      "integrity": "sha512-edR85YFGI9TBT9byAo5vAfI0PRi+jFGzinwN3RAJwKfv6Yc9x9kALYfoEmgotp95qT7/k/iUQWHrH9BMJeqpdg==",
      "dev": true
    },
    "fs-extra": {
      "version": "8.1.0",
      "resolved": "https://registry.npmjs.org/fs-extra/-/fs-extra-8.1.0.tgz",
      "integrity": "sha512-yhlQgA6mnOJUKOsRUFsgJdQCvkKhcz8tlZG5HBQfReYZy46OwLcY+Zia0mtdHsOo9y/hP+CxMN0TU9QxoOtG4g==",
      "requires": {
        "graceful-fs": "^4.2.0",
        "jsonfile": "^4.0.0",
        "universalify": "^0.1.0"
      }
    },
    "fsevents": {
      "version": "2.3.2",
      "resolved": "https://registry.npmjs.org/fsevents/-/fsevents-2.3.2.tgz",
      "integrity": "sha512-xiqMQR4xAeHTuB9uWm+fFRcIOgKBMiOBP+eXiyT7jsgVCq1bkVygt00oASowB7EdtpOHaaPgKt812P9ab+DDKA==",
      "dev": true,
      "optional": true
    },
    "graceful-fs": {
      "version": "4.2.3",
      "resolved": "https://registry.npmjs.org/graceful-fs/-/graceful-fs-4.2.3.tgz",
      "integrity": "sha512-a30VEBm4PEdx1dRB7MFK7BejejvCvBronbLjht+sHuGYj8PHs7M/5Z+rt5lw551vZ7yfTCj4Vuyy3mSJytDWRQ=="
    },
    "jsonfile": {
      "version": "4.0.0",
      "resolved": "https://registry.npmjs.org/jsonfile/-/jsonfile-4.0.0.tgz",
      "integrity": "sha1-h3Gq4HmbZAdrdmQPygWPnBDjPss=",
      "requires": {
        "graceful-fs": "^4.1.6"
      }
    },
    "typescript": {
      "version": "3.8.3",
      "resolved": "https://registry.npmjs.org/typescript/-/typescript-3.8.3.tgz",
      "integrity": "sha512-MYlEfn5VrLNsgudQTVJeNaQFUAI7DkhnOjdpAp4T+ku1TfQClewlbSuTVHiA+8skNBgaf02TL/kLOvig4y3G8w=="
    },
    "universalify": {
      "version": "0.1.2",
      "resolved": "https://registry.npmjs.org/universalify/-/universalify-0.1.2.tgz",
      "integrity": "sha512-rBJeI5CXAlmy1pV+617WB9J63U6XcazHHF2f2dbJix4XzpUF0RS3Zbj0FGIOCAva5P/d/GBOYaACQ1w+0azUkg=="
    },
    "uuid": {
      "version": "7.0.3",
      "resolved": "https://registry.npmjs.org/uuid/-/uuid-7.0.3.tgz",
      "integrity": "sha512-DPSke0pXhTZgoF/d+WSt2QaKMCFSfx7QegxEWT+JOuHF5aWrKEn0G+ztjuJg/gG8/ItK+rbPCD/yNv8yyih6Cg=="
    }
  }
}
